
Microsoft Visual Studio Solution File, Format Version 12.00
# Visual Studio Version 17
VisualStudioVersion = 17.14.36221.1 d17.14
MinimumVisualStudioVersion = 10.0.40219.1
Project("{FAE04EC0-301F-11D3-BF4B-00C04F79EFBC}") = "Ass__2", "Ass__2.csproj", "{91A6C3DC-3F5C-4661-B8F9-27A34281D957}"
EndProject
Global
	GlobalSection(SolutionConfigurationPlatforms) = preSolution
		Debug|Any CPU = Debug|Any CPU
		Release|Any CPU = Release|Any CPU
	EndGlobalSection
	GlobalSection(ProjectConfigurationPlatforms) = postSolution
		{91A6C3DC-3F5C-4661-B8F9-27A34281D957}.Debug|Any CPU.ActiveCfg = Debug|Any CPU
		{91A6C3DC-3F5C-4661-B8F9-27A34281D957}.Debug|Any CPU.Build.0 = Debug|Any CPU
		{91A6C3DC-3F5C-4661-B8F9-27A34281D957}.Release|Any CPU.ActiveCfg = Release|Any CPU
		{91A6C3DC-3F5C-4661-B8F9-27A34281D957}.Release|Any CPU.Build.0 = Release|Any CPU
	EndGlobalSection
	GlobalSection(SolutionProperties) = preSolution
		HideSolutionNode = FALSE
	EndGlobalSection
	GlobalSection(ExtensibilityGlobals) = postSolution
		SolutionGuid = {02795BA2-F0BE-490A-AAD5-1546A9A54B44}
	EndGlobalSection
EndGlobal
